
Microsoft Visual Studio Solution File, Format Version 12.00
# Visual Studio Version 17
VisualStudioVersion = 17.0.32112.339
MinimumVisualStudioVersion = 10.0.40219.1
Project("{8BC9CEB8-8B4A-11D0-8D11-00A0C91BC942}") = "Radium", "Radium\Radium.vcxproj", "{40E24192-6AB7-42DD-A390-BEEAD571AF28}"
EndProject
Global
	GlobalSection(SolutionConfigurationPlatforms) = preSolution
		Debug|x64 = Debug|x64
		Debug|x86 = Debug|x86
		Release|x64 = Release|x64
		Release|x86 = Release|x86
	EndGlobalSection
	GlobalSection(ProjectConfigurationPlatforms) = postSolution
		{40E24192-6AB7-42DD-A390-BEEAD571AF28}.Debug|x64.ActiveCfg = Debug|x64
		{40E24192-6AB7-42DD-A390-BEEAD571AF28}.Debug|x64.Build.0 = Debug|x64
		{40E24192-6AB7-42DD-A390-BEEAD571AF28}.Debug|x86.ActiveCfg = Debug|Win32
		{40E24192-6AB7-42DD-A390-BEEAD571AF28}.Debug|x86.Build.0 = Debug|Win32
		{40E24192-6AB7-42DD-A390-BEEAD571AF28}.Release|x64.ActiveCfg = Release|x64
		{40E24192-6AB7-42DD-A390-BEEAD571AF28}.Release|x64.Build.0 = Release|x64
		{40E24192-6AB7-42DD-A390-BEEAD571AF28}.Release|x86.ActiveCfg = Release|Win32
		{40E24192-6AB7-42DD-A390-BEEAD571AF28}.Release|x86.Build.0 = Release|Win32
	EndGlobalSection
	GlobalSection(SolutionProperties) = preSolution
		HideSolutionNode = FALSE
	EndGlobalSection
	GlobalSection(ExtensibilityGlobals) = postSolution
		SolutionGuid = {6D62D3E7-44A4-4D86-9322-A89F33FCEF6D}
	EndGlobalSection
EndGlobal
